
Microsoft Visual Studio Solution File, Format Version 12.00
# Visual Studio Version 16
VisualStudioVersion = 16.0.30907.101
MinimumVisualStudioVersion = 10.0.40219.1
Project("{FAE04EC0-301F-11D3-BF4B-00C04F79EFBC}") = "BarterBooksAPI", "BarterBooksAPI\BarterBooksAPI.csproj", "{5C9B0A8A-C79B-4689-828E-4193EA14C543}"
EndProject
Global
	GlobalSection(SolutionConfigurationPlatforms) = preSolution
		Debug|Any CPU = Debug|Any CPU
		Release|Any CPU = Release|Any CPU
	EndGlobalSection
	GlobalSection(ProjectConfigurationPlatforms) = postSolution
		{5C9B0A8A-C79B-4689-828E-4193EA14C543}.Debug|Any CPU.ActiveCfg = Debug|Any CPU
		{5C9B0A8A-C79B-4689-828E-4193EA14C543}.Debug|Any CPU.Build.0 = Debug|Any CPU
		{5C9B0A8A-C79B-4689-828E-4193EA14C543}.Release|Any CPU.ActiveCfg = Release|Any CPU
		{5C9B0A8A-C79B-4689-828E-4193EA14C543}.Release|Any CPU.Build.0 = Release|Any CPU
	EndGlobalSection
	GlobalSection(SolutionProperties) = preSolution
		HideSolutionNode = FALSE
	EndGlobalSection
	GlobalSection(ExtensibilityGlobals) = postSolution
		SolutionGuid = {51CC0A54-3BA4-45C5-BCD3-2EBF4088664B}
	EndGlobalSection
EndGlobal
